{
  "version": 2,
  "dependencies": {
    "net10.0": {
      "BenchmarkDotNet": {
        "type": "Direct",
        "requested": "[0.14.0, )",
        "resolved": "0.14.0",
        "contentHash": "eIPSDKi3oni734M1rt/XJAwGQQOIf9gLjRRKKJ0HuVy3vYd7gnmAIX1bTjzI9ZbAY/nPddgqqgM/TeBYitMCIg==",
        "dependencies": {
          "BenchmarkDotNet.Annotations": "0.14.0",
          "CommandLineParser": "2.9.1",
          "Gee.External.Capstone": "2.3.0",
          "Iced": "1.17.0",
          "Microsoft.CodeAnalysis.CSharp": "4.1.0",
          "Microsoft.Diagnostics.Runtime": "2.2.332302",
          "Microsoft.Diagnostics.Tracing.TraceEvent": "3.1.8",
          "Microsoft.DotNet.PlatformAbstractions": "3.1.6",
          "Perfolizer": "[0.3.17]",
          "System.Management": "5.0.0"
        }
      },
      "DotNet.ReproducibleBuilds": {
        "type": "Direct",
        "requested": "[2.0.2, )",
        "resolved": "2.0.2",
        "contentHash": "VaHoEN6YHp0jXucxm67vfuRy8zo9ufiKSuaZ4ZudRi8xmWcEFMKxfCsg2nvYNvdISFTURDu+IHqADGh53+Bamw=="
      },
      "Microsoft.Extensions.DependencyInjection": {
        "type": "Direct",
        "requested": "[10.0.3, )",
        "resolved": "10.0.3",
        "contentHash": "2DLOmC0EkB2smVK8lPP1PIKEgL1arE3CMp9XSIQB/Y7ev5nnnyuM/PizKJ6QfLD08QCYoopSC9SFdbYglDomYg==",
        "dependencies": {
          "Microsoft.Extensions.DependencyInjection.Abstractions": "10.0.3"
        }
      },
      "Trax.Core": {
        "type": "Direct",
        "requested": "[1.6.0, )",
        "resolved": "1.6.0",
        "contentHash": "B0jTB0jsxtaT7dDnYrbhWHd083RMMKzlCh6AX34wYcMQCKuL+N9nObPLrzZaF3YekAVVFn2+zyIocdN28mIqCA==",
        "dependencies": {
          "LanguageExt.Core": "4.4.9",
          "Microsoft.Extensions.DependencyInjection.Abstractions": "10.0.3",
          "Microsoft.Extensions.Logging.Abstractions": "10.0.3"
        }
      },
      "BenchmarkDotNet.Annotations": {
        "type": "Transitive",
        "resolved": "0.14.0",
        "contentHash": "CUDCg6bgHrDzhjnA+IOBl5gAo8Y5hZ2YSs7MBXrYMlMKpBZqrD5ez0537uDveOkcf+YWAoK+S4sMcuWPbIz8bw=="
      },
      "CommandLineParser": {
        "type": "Transitive",
        "resolved": "2.9.1",
        "contentHash": "OE0sl1/sQ37bjVsPKKtwQlWDgqaxWgtme3xZz7JssWUzg5JpMIyHgCTY9MVMxOg48fJ1AgGT3tgdH5m/kQ5xhA=="
      },
      "Gee.External.Capstone": {
        "type": "Transitive",
        "resolved": "2.3.0",
        "contentHash": "2ap/rYmjtzCOT8hxrnEW/QeiOt+paD8iRrIcdKX0cxVwWLFa1e+JDBNeECakmccXrSFeBQuu5AV8SNkipFMMMw=="
      },
      "Iced": {
        "type": "Transitive",
        "resolved": "1.17.0",
        "contentHash": "8x+HCVTl/HHTGpscH3vMBhV8sknN/muZFw9s3TsI8SA6+c43cOTCi2+jE4KsU8pNLbJ++iF2ZFcpcXHXtDglnw=="
      },
      "LanguageExt.Core": {
        "type": "Transitive",
        "resolved": "4.4.9",
        "contentHash": "K9VGWkThJkaomifa3zcmwysw1BaSqIZZPZc6trBnJN8u9mpmA/cMMwCWEa/v7bPv/+NnG6PbyIDB7HtxBX7yCQ==",
        "dependencies": {
          "Microsoft.Bcl.AsyncInterfaces": "7.0.0"
        }
      },
      "Microsoft.Bcl.AsyncInterfaces": {
        "type": "Transitive",
        "resolved": "7.0.0",
        "contentHash": "3aeMZ1N0lJoSyzqiP03hqemtb1BijhsJADdobn/4nsMJ8V1H+CrpuduUe4hlRdx+ikBQju1VGjMD1GJ3Sk05Eg=="
      },
      "Microsoft.CodeAnalysis.Analyzers": {
        "type": "Transitive",
        "resolved": "3.3.3",
        "contentHash": "j/rOZtLMVJjrfLRlAMckJLPW/1rze9MT1yfWqSIbUPGRu1m1P0fuo9PmqapwsmePfGB5PJrudQLvmUOAMF0DqQ=="
      },
      "Microsoft.CodeAnalysis.Common": {
        "type": "Transitive",
        "resolved": "4.1.0",
        "contentHash": "bNzTyxP3iD5FPFHfVDl15Y6/wSoI7e3MeV0lOaj9igbIKTjgrmuw6LoVJ06jUNFA7+KaDC/OIsStWl/FQJz6sQ==",
        "dependencies": {
          "Microsoft.CodeAnalysis.Analyzers": "3.3.3"
        }
      },
      "Microsoft.Diagnostics.NETCore.Client": {
        "type": "Transitive",
        "resolved": "0.2.251802",
        "contentHash": "bqnYl6AdSeboeN4v25hSukK6Odm6/54E3Y2B8rBvgqvAW0mF8fo7XNRVE2DMOG7Rk0fiuA079QIH28+V+W1Zdg==",
        "dependencies": {
          "Microsoft.Bcl.AsyncInterfaces": "1.1.0",
          "Microsoft.Extensions.Logging": "2.1.1"
        }
      },
      "Microsoft.Diagnostics.Runtime": {
        "type": "Transitive",
        "resolved": "2.2.332302",
        "contentHash": "Hp84ivxSKIMTBzYSATxmUsm3YSXHWivcwiRRbsydGmqujMUK8BAueLN0ssAVEOkOBmh0vjUBhrq7YcroT7VCug==",
        "dependencies": {
          "Microsoft.Diagnostics.NETCore.Client": "0.2.251802"
        }
      },
      "Microsoft.Diagnostics.Tracing.TraceEvent": {
        "type": "Transitive",
        "resolved": "3.1.8",
        "contentHash": "kl3UMrZKSeSEYZ8rt/GjLUQToREjgQABqfg6PzQBmSlYHTZOKE9ePEOS2xptROQ9SVvngg3QGX51TIT11iZ0wA=="
      },
      "Microsoft.DotNet.PlatformAbstractions": {
        "type": "Transitive",
        "resolved": "3.1.6",
        "contentHash": "jek4XYaQ/PGUwDKKhwR8K47Uh1189PFzMeLqO83mXrXQVIpARZCcfuDedH50YDTepBkfijCZN5U/vZi++erxtg=="
      },
      "Microsoft.EntityFrameworkCore.Abstractions": {
        "type": "Transitive",
        "resolved": "10.0.3",
        "contentHash": "c7Uoz381xnMHNBRB8eHRhGgzUtXbgddlbODhwZRrTSzZWDharp3RkJsFwhxyESbeXhCqmML7VdvjMQ7uu+HreA=="
      },
      "Microsoft.EntityFrameworkCore.Analyzers": {
        "type": "Transitive",
        "resolved": "10.0.3",
        "contentHash": "lVABgJTyTUNE7Bi0bSu4dWHiCHIXEGzTh/kLh0N07IgU/tIKwTeBPp8tgV4x2iKj4h7iPLo8oXzyHmLDGtAE1g=="
      },
      "Microsoft.Extensions.Caching.Abstractions": {
        "type": "Transitive",
        "resolved": "10.0.3",
        "contentHash": "5dtXBvI8t3z8pF4tB38JYgi/enCL/DwSXxpqShgFz3SHJ7IzqFIMs6Gu5ik8sNZzcO9qQs3xIDpB3vDamkYG+Q==",
        "dependencies": {
          "Microsoft.Extensions.Primitives": "10.0.3"
        }
      },
      "Microsoft.Extensions.Caching.Memory": {
        "type": "Transitive",
        "resolved": "10.0.3",
        "contentHash": "No4fVh0z30SWqiWFRoA4PNdrEco6OjXvCqRFvlmRgDQqqks2bRDdeavUgWEiAX153ZAwW9loUgbxcvuP4NKQLg==",
        "dependencies": {
          "Microsoft.Extensions.Caching.Abstractions": "10.0.3",
          "Microsoft.Extensions.DependencyInjection.Abstractions": "10.0.3",
          "Microsoft.Extensions.Logging.Abstractions": "10.0.3",
          "Microsoft.Extensions.Options": "10.0.3",
          "Microsoft.Extensions.Primitives": "10.0.3"
        }
      },
      "Microsoft.Extensions.Configuration.Abstractions": {
        "type": "Transitive",
        "resolved": "10.0.3",
        "contentHash": "xVDHL0+SIgemfh95fTO9cGLe17TWv/ZP0n7m01z8X6pzt2DmQpucioWR/mYZA1sRlkWnkXzfl0JweLNWmE9WMg==",
        "dependencies": {
          "Microsoft.Extensions.Primitives": "10.0.3"
        }
      },
      "Microsoft.Extensions.DependencyInjection.Abstractions": {
        "type": "Transitive",
        "resolved": "10.0.3",
        "contentHash": "bwGMrRcAMWx2s/RDgja97p27rxSz2pEQW0+rX5cWAUWVETVJ/eyxGfjAl8vuG5a+lckWmPIE+vcuaZNVB5YDdw=="
      },
      "Microsoft.Extensions.Diagnostics.Abstractions": {
        "type": "Transitive",
        "resolved": "10.0.3",
        "contentHash": "mQiTzAj7PIJ2A9YXR5QhgulS1fTWhmQc3ckd1Mrf3hKW07d03fBDqx8vVaFw+cRTebDOeB6pNqdWdnRxsi1hBA==",
        "dependencies": {
          "Microsoft.Extensions.DependencyInjection.Abstractions": "10.0.3",
          "Microsoft.Extensions.Options": "10.0.3"
        }
      },
      "Microsoft.Extensions.FileProviders.Abstractions": {
        "type": "Transitive",
        "resolved": "10.0.3",
        "contentHash": "4TD9AXDRsipTmaemwnjt/DM5Ri0de2JzHQhvZ4woBTjUtL4XrPNsMrOk5oiLJAx1gTrE6pOIhxv+lEde5F6CZA==",
        "dependencies": {
          "Microsoft.Extensions.Primitives": "10.0.3"
        }
      },
      "Microsoft.Extensions.Options": {
        "type": "Transitive",
        "resolved": "10.0.3",
        "contentHash": "hU6WzGTPvPoLA2ng1ILvWQb3g0qORdlHNsxI8IcPLumJb3suimYUl+bbDzdo1V4KFsvVhnMWzysHpKbZaoDQPQ==",
        "dependencies": {
          "Microsoft.Extensions.DependencyInjection.Abstractions": "10.0.3",
          "Microsoft.Extensions.Primitives": "10.0.3"
        }
      },
      "Microsoft.Extensions.Primitives": {
        "type": "Transitive",
        "resolved": "10.0.3",
        "contentHash": "GEcpTwo7sUoLGGNTqV1FZEuL+tTD9m81NX/mh099dqGNna07/UGZShKQNZRw4hv6nlliSUwYQgSYc7OR99Jufg=="
      },
      "Microsoft.NETCore.Platforms": {
        "type": "Transitive",
        "resolved": "5.0.0",
        "contentHash": "VyPlqzH2wavqquTcYpkIIAQ6WdenuKoFN0BdYBbCWsclXacSOHNQn66Gt4z5NBqEYW0FAPm5rlvki9ZiCij5xQ=="
      },
      "Perfolizer": {
        "type": "Transitive",
        "resolved": "0.3.17",
        "contentHash": "FQgtCoF2HFwvzKWulAwBS5BGLlh8pgbrJtOp47jyBwh2CW16juVtacN1azOA2BqdrJXkXTNLNRMo7ZlHHiuAnA=="
      },
      "System.CodeDom": {
        "type": "Transitive",
        "resolved": "5.0.0",
        "contentHash": "JPJArwA1kdj8qDAkY2XGjSWoYnqiM7q/3yRNkt6n28Mnn95MuEGkZXUbPBf7qc3IjwrGY5ttQon7yqHZyQJmOQ=="
      },
      "System.Management": {
        "type": "Transitive",
        "resolved": "5.0.0",
        "contentHash": "MF1CHaRcC+MLFdnDthv4/bKWBZnlnSpkGqa87pKukQefgEdwtb9zFW6zs0GjPp73qtpYYg4q6PEKbzJbxCpKfw==",
        "dependencies": {
          "Microsoft.NETCore.Platforms": "5.0.0",
          "System.CodeDom": "5.0.0"
        }
      },
      "trax.effect": {
        "type": "Project",
        "dependencies": {
          "Microsoft.Extensions.Hosting.Abstractions": "[10.0.3, )",
          "Microsoft.Extensions.Logging.Abstractions": "[10.0.3, )",
          "Trax.Core": "[1.6.0, )"
        }
      },
      "trax.effect.data": {
        "type": "Project",
        "dependencies": {
          "Microsoft.EntityFrameworkCore": "[10.0.3, )",
          "Microsoft.EntityFrameworkCore.Relational": "[10.0.3, )",
          "Npgsql": "[10.0.1, )",
          "Trax.Effect": "[1.99.99, )"
        }
      },
      "trax.effect.data.inmemory": {
        "type": "Project",
        "dependencies": {
          "Microsoft.EntityFrameworkCore": "[10.0.3, )",
          "Microsoft.EntityFrameworkCore.InMemory": "[10.0.3, )",
          "Trax.Effect.Data": "[1.99.99, )"
        }
      },
      "Microsoft.CodeAnalysis.CSharp": {
        "type": "CentralTransitive",
        "requested": "[4.14.0, )",
        "resolved": "4.1.0",
        "contentHash": "sbu6kDGzo9bfQxuqWpeEE7I9P30bSuZEnpDz9/qz20OU6pm79Z63+/BsAzO2e/R/Q97kBrpj647wokZnEVr97w==",
        "dependencies": {
          "Microsoft.CodeAnalysis.Common": "[4.1.0]"
        }
      },
      "Microsoft.EntityFrameworkCore": {
        "type": "CentralTransitive",
        "requested": "[10.0.3, )",
        "resolved": "10.0.3",
        "contentHash": "CDEImwD4A7BseABJMCpLZnhfFjmPY/bHwhhS70elc6gLI/bYUEOhxWt7PmaNGYGhIEzOnStlCy5QcVb+8dod5Q==",
        "dependencies": {
          "Microsoft.EntityFrameworkCore.Abstractions": "10.0.3",
          "Microsoft.EntityFrameworkCore.Analyzers": "10.0.3",
          "Microsoft.Extensions.Caching.Memory": "10.0.3",
          "Microsoft.Extensions.Logging": "10.0.3"
        }
      },
      "Microsoft.EntityFrameworkCore.InMemory": {
        "type": "CentralTransitive",
        "requested": "[10.0.3, )",
        "resolved": "10.0.3",
        "contentHash": "Gw8wef/BAHx59FiFJzgVHpccq/Qwtrghb3NzofgHZwhKxkmc9ePB7bqVhMZzrceQ4wTEwfPwD8y61FaOFPIf7Q==",
        "dependencies": {
          "Microsoft.EntityFrameworkCore": "10.0.3",
          "Microsoft.Extensions.Caching.Memory": "10.0.3",
          "Microsoft.Extensions.Logging": "10.0.3"
        }
      },
      "Microsoft.EntityFrameworkCore.Relational": {
        "type": "CentralTransitive",
        "requested": "[10.0.3, )",
        "resolved": "10.0.3",
        "contentHash": "Pmh60OK9neVr/M0FJwm9hlzm2bD4Kd65SID8E6SP5c90tExNgXwORrlEWl0oGU/ig9ifpNN4PSpIrnHNozlT5w==",
        "dependencies": {
          "Microsoft.EntityFrameworkCore": "10.0.3",
          "Microsoft.Extensions.Caching.Memory": "10.0.3",
          "Microsoft.Extensions.Configuration.Abstractions": "10.0.3",
          "Microsoft.Extensions.Logging": "10.0.3"
        }
      },
      "Microsoft.Extensions.Hosting.Abstractions": {
        "type": "CentralTransitive",
        "requested": "[10.0.3, )",
        "resolved": "10.0.3",
        "contentHash": "GdMpC10Jf6poxSvUJ4lgYpJ5F/kJeaAoJmrPufjBoPYyCTKKY5Dyl0rZA+LBNvFqTq1cZa/lhlptlUhNvU6xrg==",
        "dependencies": {
          "Microsoft.Extensions.Configuration.Abstractions": "10.0.3",
          "Microsoft.Extensions.DependencyInjection.Abstractions": "10.0.3",
          "Microsoft.Extensions.Diagnostics.Abstractions": "10.0.3",
          "Microsoft.Extensions.FileProviders.Abstractions": "10.0.3",
          "Microsoft.Extensions.Logging.Abstractions": "10.0.3"
        }
      },
      "Microsoft.Extensions.Logging": {
        "type": "CentralTransitive",
        "requested": "[10.0.3, )",
        "resolved": "10.0.3",
        "contentHash": "8D9Er1cGXNjNDIB+VLBNHn386L5ls2FoiG9a6o12gyn+GG3w6jdfUhzT8dtBnKcevE7/fsVA8MS3FBgFfClFtQ==",
        "dependencies": {
          "Microsoft.Extensions.DependencyInjection": "10.0.3",
          "Microsoft.Extensions.Logging.Abstractions": "10.0.3",
          "Microsoft.Extensions.Options": "10.0.3"
        }
      },
      "Microsoft.Extensions.Logging.Abstractions": {
        "type": "CentralTransitive",
        "requested": "[10.0.3, )",
        "resolved": "10.0.3",
        "contentHash": "lxl0WLk7ROgBFAsjcOYjQ8/DVK+VMszxGBzUhgtQmAsTNldLL5pk9NG/cWTsXHq0lUhUEAtZkEE7jOGOA8bGKQ==",
        "dependencies": {
          "Microsoft.Extensions.DependencyInjection.Abstractions": "10.0.3"
        }
      },
      "Npgsql": {
        "type": "CentralTransitive",
        "requested": "[10.0.1, )",
        "resolved": "10.0.1",
        "contentHash": "XyUcxEfqlFomhNTG/ZdGlec+uSOQArKz0Mzz8jYKP/Jj9GM2YabU5CVZtp0yiC4f9hRp+tRZTnHMatJeJ3rwgw==",
        "dependencies": {
          "Microsoft.Extensions.Logging.Abstractions": "10.0.0"
        }
      }
    }
  }
}