{
  "version": 2,
  "dependencies": {
    "net10.0": {
      "dbup-core": {
        "type": "Direct",
        "requested": "[6.0.15, )",
        "resolved": "6.0.15",
        "contentHash": "w0eaoyVitzgBiHTILEnj23smrbrxZ1nLF7K8uOyG6rvrctRtC0NTuSYHoB/3aq+B9hi9E/DiW9pOtNto5V9P3g==",
        "dependencies": {
          "Microsoft.Extensions.Logging.Abstractions": "8.0.0"
        }
      },
      "dbup-sqlite": {
        "type": "Direct",
        "requested": "[6.0.4, )",
        "resolved": "6.0.4",
        "contentHash": "eEUr/hCvQHzvPjCSqV6Ic5cZTFiKXLse2k9e5ji8KDgIBD12BCvDdq2E6+C8GbYCZ8GEqlF7uRxVcyvYfrebQg==",
        "dependencies": {
          "Microsoft.Data.Sqlite.Core": "9.0.10",
          "dbup-core": "6.0.15"
        }
      },
      "DotNet.ReproducibleBuilds": {
        "type": "Direct",
        "requested": "[2.0.2, )",
        "resolved": "2.0.2",
        "contentHash": "VaHoEN6YHp0jXucxm67vfuRy8zo9ufiKSuaZ4ZudRi8xmWcEFMKxfCsg2nvYNvdISFTURDu+IHqADGh53+Bamw=="
      },
      "Microsoft.EntityFrameworkCore.Relational": {
        "type": "Direct",
        "requested": "[10.0.3, )",
        "resolved": "10.0.3",
        "contentHash": "Pmh60OK9neVr/M0FJwm9hlzm2bD4Kd65SID8E6SP5c90tExNgXwORrlEWl0oGU/ig9ifpNN4PSpIrnHNozlT5w==",
        "dependencies": {
          "Microsoft.EntityFrameworkCore": "10.0.3",
          "Microsoft.Extensions.Caching.Memory": "10.0.3",
          "Microsoft.Extensions.Configuration.Abstractions": "10.0.3",
          "Microsoft.Extensions.Logging": "10.0.3"
        }
      },
      "Microsoft.EntityFrameworkCore.Sqlite": {
        "type": "Direct",
        "requested": "[10.0.3, )",
        "resolved": "10.0.3",
        "contentHash": "pXP9l00ZzsZuS6ajUJFLHi5vt3vVxHaxQXCwRs73tyqNbjPX/4ac114wyfAepMSmUKq0roFFoTZ7h+1K1+iQjQ==",
        "dependencies": {
          "Microsoft.EntityFrameworkCore.Sqlite.Core": "10.0.3",
          "Microsoft.Extensions.Caching.Memory": "10.0.3",
          "Microsoft.Extensions.Configuration.Abstractions": "10.0.3",
          "Microsoft.Extensions.DependencyModel": "10.0.3",
          "Microsoft.Extensions.Logging": "10.0.3",
          "SQLitePCLRaw.bundle_e_sqlite3": "2.1.11",
          "SQLitePCLRaw.core": "2.1.11"
        }
      },
      "LanguageExt.Core": {
        "type": "Transitive",
        "resolved": "4.4.9",
        "contentHash": "K9VGWkThJkaomifa3zcmwysw1BaSqIZZPZc6trBnJN8u9mpmA/cMMwCWEa/v7bPv/+NnG6PbyIDB7HtxBX7yCQ==",
        "dependencies": {
          "Microsoft.Bcl.AsyncInterfaces": "7.0.0"
        }
      },
      "Microsoft.Bcl.AsyncInterfaces": {
        "type": "Transitive",
        "resolved": "7.0.0",
        "contentHash": "3aeMZ1N0lJoSyzqiP03hqemtb1BijhsJADdobn/4nsMJ8V1H+CrpuduUe4hlRdx+ikBQju1VGjMD1GJ3Sk05Eg=="
      },
      "Microsoft.Data.Sqlite.Core": {
        "type": "Transitive",
        "resolved": "10.0.3",
        "contentHash": "onD94qHlvteS2S9eg1T7Huehm3x92no4nU1AyDWjSmT6jDBhY8QF0UapwNhFA+1dArzxM10fV7s6uI1EIK2+dw==",
        "dependencies": {
          "SQLitePCLRaw.core": "2.1.11"
        }
      },
      "Microsoft.EntityFrameworkCore.Abstractions": {
        "type": "Transitive",
        "resolved": "10.0.3",
        "contentHash": "c7Uoz381xnMHNBRB8eHRhGgzUtXbgddlbODhwZRrTSzZWDharp3RkJsFwhxyESbeXhCqmML7VdvjMQ7uu+HreA=="
      },
      "Microsoft.EntityFrameworkCore.Analyzers": {
        "type": "Transitive",
        "resolved": "10.0.3",
        "contentHash": "lVABgJTyTUNE7Bi0bSu4dWHiCHIXEGzTh/kLh0N07IgU/tIKwTeBPp8tgV4x2iKj4h7iPLo8oXzyHmLDGtAE1g=="
      },
      "Microsoft.EntityFrameworkCore.Sqlite.Core": {
        "type": "Transitive",
        "resolved": "10.0.3",
        "contentHash": "bUkOkSwPqvhNlsMMg5dA/PR9S4cVehiHEIZklakRH6JZCFsEBNvUz8kBRGK8Hi6mcaPKUAmVZQkN3moZsBYZLA==",
        "dependencies": {
          "Microsoft.Data.Sqlite.Core": "10.0.3",
          "Microsoft.EntityFrameworkCore.Relational": "10.0.3",
          "Microsoft.Extensions.Caching.Memory": "10.0.3",
          "Microsoft.Extensions.Configuration.Abstractions": "10.0.3",
          "Microsoft.Extensions.DependencyModel": "10.0.3",
          "Microsoft.Extensions.Logging": "10.0.3",
          "SQLitePCLRaw.core": "2.1.11"
        }
      },
      "Microsoft.Extensions.Caching.Abstractions": {
        "type": "Transitive",
        "resolved": "10.0.3",
        "contentHash": "5dtXBvI8t3z8pF4tB38JYgi/enCL/DwSXxpqShgFz3SHJ7IzqFIMs6Gu5ik8sNZzcO9qQs3xIDpB3vDamkYG+Q==",
        "dependencies": {
          "Microsoft.Extensions.Primitives": "10.0.3"
        }
      },
      "Microsoft.Extensions.Caching.Memory": {
        "type": "Transitive",
        "resolved": "10.0.3",
        "contentHash": "No4fVh0z30SWqiWFRoA4PNdrEco6OjXvCqRFvlmRgDQqqks2bRDdeavUgWEiAX153ZAwW9loUgbxcvuP4NKQLg==",
        "dependencies": {
          "Microsoft.Extensions.Caching.Abstractions": "10.0.3",
          "Microsoft.Extensions.DependencyInjection.Abstractions": "10.0.3",
          "Microsoft.Extensions.Logging.Abstractions": "10.0.3",
          "Microsoft.Extensions.Options": "10.0.3",
          "Microsoft.Extensions.Primitives": "10.0.3"
        }
      },
      "Microsoft.Extensions.Configuration.Abstractions": {
        "type": "Transitive",
        "resolved": "10.0.3",
        "contentHash": "xVDHL0+SIgemfh95fTO9cGLe17TWv/ZP0n7m01z8X6pzt2DmQpucioWR/mYZA1sRlkWnkXzfl0JweLNWmE9WMg==",
        "dependencies": {
          "Microsoft.Extensions.Primitives": "10.0.3"
        }
      },
      "Microsoft.Extensions.DependencyInjection.Abstractions": {
        "type": "Transitive",
        "resolved": "10.0.3",
        "contentHash": "bwGMrRcAMWx2s/RDgja97p27rxSz2pEQW0+rX5cWAUWVETVJ/eyxGfjAl8vuG5a+lckWmPIE+vcuaZNVB5YDdw=="
      },
      "Microsoft.Extensions.DependencyModel": {
        "type": "Transitive",
        "resolved": "10.0.3",
        "contentHash": "31kRjr1fgdJO1UZ/AsjL2noqwht+juHMQ8c/oh8CEsDhlM2+0zwVZVsZjxSfOFiPtn5+6kRGuvSbLAufAPT0kA=="
      },
      "Microsoft.Extensions.Diagnostics.Abstractions": {
        "type": "Transitive",
        "resolved": "10.0.3",
        "contentHash": "mQiTzAj7PIJ2A9YXR5QhgulS1fTWhmQc3ckd1Mrf3hKW07d03fBDqx8vVaFw+cRTebDOeB6pNqdWdnRxsi1hBA==",
        "dependencies": {
          "Microsoft.Extensions.DependencyInjection.Abstractions": "10.0.3",
          "Microsoft.Extensions.Options": "10.0.3"
        }
      },
      "Microsoft.Extensions.FileProviders.Abstractions": {
        "type": "Transitive",
        "resolved": "10.0.3",
        "contentHash": "4TD9AXDRsipTmaemwnjt/DM5Ri0de2JzHQhvZ4woBTjUtL4XrPNsMrOk5oiLJAx1gTrE6pOIhxv+lEde5F6CZA==",
        "dependencies": {
          "Microsoft.Extensions.Primitives": "10.0.3"
        }
      },
      "Microsoft.Extensions.Options": {
        "type": "Transitive",
        "resolved": "10.0.3",
        "contentHash": "hU6WzGTPvPoLA2ng1ILvWQb3g0qORdlHNsxI8IcPLumJb3suimYUl+bbDzdo1V4KFsvVhnMWzysHpKbZaoDQPQ==",
        "dependencies": {
          "Microsoft.Extensions.DependencyInjection.Abstractions": "10.0.3",
          "Microsoft.Extensions.Primitives": "10.0.3"
        }
      },
      "Microsoft.Extensions.Primitives": {
        "type": "Transitive",
        "resolved": "10.0.3",
        "contentHash": "GEcpTwo7sUoLGGNTqV1FZEuL+tTD9m81NX/mh099dqGNna07/UGZShKQNZRw4hv6nlliSUwYQgSYc7OR99Jufg=="
      },
      "SourceGear.sqlite3": {
        "type": "Transitive",
        "resolved": "3.50.4.5",
        "contentHash": "UtnipXhJYZKQOQIfpws/msLK7IRhMplE1CZCaZLIQXRnGD474QVpO/J9nMlQQY8NZueGz1aidjoxDRnrC1NT3Q=="
      },
      "SQLitePCLRaw.config.e_sqlite3": {
        "type": "Transitive",
        "resolved": "3.0.3",
        "contentHash": "caP/ap0X2fyVmstCXu5ueOmcr2XWAxA2XyKghV7H4bOAFmq3nWcsGl9q44iY1HYG+i8Qr4G9XEqdfti0rV6/ZQ==",
        "dependencies": {
          "SQLitePCLRaw.provider.e_sqlite3": "3.0.3"
        }
      },
      "SQLitePCLRaw.core": {
        "type": "Transitive",
        "resolved": "3.0.3",
        "contentHash": "bjm6FY4lZyP+t7GmiuvSM0QXpFihAvyE0Y9O2yibm3g95AAWJPNnHOKVNJGyPTGIKuK7Pr4Wh8Rd8/aOtAclQw=="
      },
      "SQLitePCLRaw.provider.e_sqlite3": {
        "type": "Transitive",
        "resolved": "3.0.3",
        "contentHash": "wd+fGvZTrr3BJNe48opSczmC176Okd61ZgoZNQcdvZwkek6to978ccdpcFmNo5GHxCnk29KwT+f+lAZYgfLVZg==",
        "dependencies": {
          "SQLitePCLRaw.core": "3.0.3"
        }
      },
      "trax.effect": {
        "type": "Project",
        "dependencies": {
          "Microsoft.Extensions.Hosting.Abstractions": "[10.0.3, )",
          "Microsoft.Extensions.Logging.Abstractions": "[10.0.3, )",
          "Trax.Core": "[1.6.0, )"
        }
      },
      "trax.effect.data": {
        "type": "Project",
        "dependencies": {
          "Microsoft.EntityFrameworkCore": "[10.0.3, )",
          "Microsoft.EntityFrameworkCore.Relational": "[10.0.3, )",
          "Npgsql": "[10.0.1, )",
          "Trax.Effect": "[1.99.99, )"
        }
      },
      "Microsoft.EntityFrameworkCore": {
        "type": "CentralTransitive",
        "requested": "[10.0.3, )",
        "resolved": "10.0.3",
        "contentHash": "CDEImwD4A7BseABJMCpLZnhfFjmPY/bHwhhS70elc6gLI/bYUEOhxWt7PmaNGYGhIEzOnStlCy5QcVb+8dod5Q==",
        "dependencies": {
          "Microsoft.EntityFrameworkCore.Abstractions": "10.0.3",
          "Microsoft.EntityFrameworkCore.Analyzers": "10.0.3",
          "Microsoft.Extensions.Caching.Memory": "10.0.3",
          "Microsoft.Extensions.Logging": "10.0.3"
        }
      },
      "Microsoft.Extensions.DependencyInjection": {
        "type": "CentralTransitive",
        "requested": "[10.0.3, )",
        "resolved": "10.0.3",
        "contentHash": "2DLOmC0EkB2smVK8lPP1PIKEgL1arE3CMp9XSIQB/Y7ev5nnnyuM/PizKJ6QfLD08QCYoopSC9SFdbYglDomYg==",
        "dependencies": {
          "Microsoft.Extensions.DependencyInjection.Abstractions": "10.0.3"
        }
      },
      "Microsoft.Extensions.Hosting.Abstractions": {
        "type": "CentralTransitive",
        "requested": "[10.0.3, )",
        "resolved": "10.0.3",
        "contentHash": "GdMpC10Jf6poxSvUJ4lgYpJ5F/kJeaAoJmrPufjBoPYyCTKKY5Dyl0rZA+LBNvFqTq1cZa/lhlptlUhNvU6xrg==",
        "dependencies": {
          "Microsoft.Extensions.Configuration.Abstractions": "10.0.3",
          "Microsoft.Extensions.DependencyInjection.Abstractions": "10.0.3",
          "Microsoft.Extensions.Diagnostics.Abstractions": "10.0.3",
          "Microsoft.Extensions.FileProviders.Abstractions": "10.0.3",
          "Microsoft.Extensions.Logging.Abstractions": "10.0.3"
        }
      },
      "Microsoft.Extensions.Logging": {
        "type": "CentralTransitive",
        "requested": "[10.0.3, )",
        "resolved": "10.0.3",
        "contentHash": "8D9Er1cGXNjNDIB+VLBNHn386L5ls2FoiG9a6o12gyn+GG3w6jdfUhzT8dtBnKcevE7/fsVA8MS3FBgFfClFtQ==",
        "dependencies": {
          "Microsoft.Extensions.DependencyInjection": "10.0.3",
          "Microsoft.Extensions.Logging.Abstractions": "10.0.3",
          "Microsoft.Extensions.Options": "10.0.3"
        }
      },
      "Microsoft.Extensions.Logging.Abstractions": {
        "type": "CentralTransitive",
        "requested": "[10.0.3, )",
        "resolved": "10.0.3",
        "contentHash": "lxl0WLk7ROgBFAsjcOYjQ8/DVK+VMszxGBzUhgtQmAsTNldLL5pk9NG/cWTsXHq0lUhUEAtZkEE7jOGOA8bGKQ==",
        "dependencies": {
          "Microsoft.Extensions.DependencyInjection.Abstractions": "10.0.3"
        }
      },
      "Npgsql": {
        "type": "CentralTransitive",
        "requested": "[10.0.1, )",
        "resolved": "10.0.1",
        "contentHash": "XyUcxEfqlFomhNTG/ZdGlec+uSOQArKz0Mzz8jYKP/Jj9GM2YabU5CVZtp0yiC4f9hRp+tRZTnHMatJeJ3rwgw==",
        "dependencies": {
          "Microsoft.Extensions.Logging.Abstractions": "10.0.0"
        }
      },
      "SQLitePCLRaw.bundle_e_sqlite3": {
        "type": "CentralTransitive",
        "requested": "[3.0.3, )",
        "resolved": "3.0.3",
        "contentHash": "Zt8jmSL5zcDWGk8rmzhWBJ6IRyLWh1yWS04Pg72+GIvo3Ba4E/rG4Y/4l7AWlSEogEbzyKRTCXUAs1v/O7Pkkg==",
        "dependencies": {
          "SQLitePCLRaw.config.e_sqlite3": "3.0.3",
          "SourceGear.sqlite3": "3.50.4.5"
        }
      },
      "Trax.Core": {
        "type": "CentralTransitive",
        "requested": "[1.6.0, )",
        "resolved": "1.6.0",
        "contentHash": "B0jTB0jsxtaT7dDnYrbhWHd083RMMKzlCh6AX34wYcMQCKuL+N9nObPLrzZaF3YekAVVFn2+zyIocdN28mIqCA==",
        "dependencies": {
          "LanguageExt.Core": "4.4.9",
          "Microsoft.Extensions.DependencyInjection.Abstractions": "10.0.3",
          "Microsoft.Extensions.Logging.Abstractions": "10.0.3"
        }
      }
    }
  }
}